Microsoft Visual Studio Solution File, Format Version 11.00
# Visual Studio 2008

Project("{10B57447-3329-55D2-6FDE-09AB6A926014}") = "LightsOut_Prototype_Version1", "Assembly-CSharp.csproj", "{F21F72AB-8F4E-AD2E-6218-5F2881B407BA}"
EndProject
Global
	GlobalSection(SolutionConfigurationPlatforms) = preSolution
		Debug|Any CPU = Debug|Any CPU
		Release|Any CPU = Release|Any CPU
	EndGlobalSection
	GlobalSection(ProjectConfigurationPlatforms) = postSolution
		{F21F72AB-8F4E-AD2E-6218-5F2881B407BA}.Debug|Any CPU.ActiveCfg = Debug|Any CPU
		{F21F72AB-8F4E-AD2E-6218-5F2881B407BA}.Debug|Any CPU.Build.0 = Debug|Any CPU
		{F21F72AB-8F4E-AD2E-6218-5F2881B407BA}.Release|Any CPU.ActiveCfg = Release|Any CPU
		{F21F72AB-8F4E-AD2E-6218-5F2881B407BA}.Release|Any CPU.Build.0 = Release|Any CPU
	EndGlobalSection
	GlobalSection(SolutionProperties) = preSolution
		HideSolutionNode = FALSE
	EndGlobalSection
	GlobalSection(MonoDevelopProperties) = preSolution
		StartupItem = Assembly-CSharp.csproj
	EndGlobalSection
EndGlobal
